
Microsoft Visual Studio Solution File, Format Version 12.00
# Visual Studio Version 17
VisualStudioVersion = 17.14.36429.23
MinimumVisualStudioVersion = 10.0.40219.1
Project("{2150E333-8FDC-42A3-9474-1A3956D46DE8}") = "Task0", "Task0", "{02EA681E-C7D8-13C7-8484-4AC65E1B71E8}"
EndProject
Project("{FAE04EC0-301F-11D3-BF4B-00C04F79EFBC}") = "Tyuiu.GoryaevTT.Sprint2.Task0.V18", "Tyuiu.GoryaevTT.Sprint2.Task0.V18\Tyuiu.GoryaevTT.Sprint2.Task0.V18.csproj", "{A75D0D8A-1260-4538-9240-AF857DFE435D}"
EndProject
Project("{FAE04EC0-301F-11D3-BF4B-00C04F79EFBC}") = "Tyuiu.GoryaevTT.Sprint2.Task0.V18.Lib", "Tyuiu.GoryaevTT.Sprint2.Task0.V18.Lib\Tyuiu.GoryaevTT.Sprint2.Task0.V18.Lib.csproj", "{CB75CA81-8763-4543-9A3F-767CDC602EC8}"
EndProject
Project("{FAE04EC0-301F-11D3-BF4B-00C04F79EFBC}") = "Tyuiu.GoryaevTT.Sprint2.Task0.V18.Test", "Tyuiu.GoryaevTT.Sprint2.Task0.V18.Test\Tyuiu.GoryaevTT.Sprint2.Task0.V18.Test.csproj", "{3B7F0A56-B357-4265-ADA9-05FE12D38B5A}"
EndProject
Project("{2150E333-8FDC-42A3-9474-1A3956D46DE8}") = "Task1", "Task1", "{4C264B23-6896-419F-A373-78BF298F2B1A}"
EndProject
Project("{FAE04EC0-301F-11D3-BF4B-00C04F79EFBC}") = "Tyuiu.GoryaevTT.Sprint2.Task1.V1", "Tyuiu.GoryaevTT.Sprint2.Task1.V1\Tyuiu.GoryaevTT.Sprint2.Task1.V1.csproj", "{5B3E177D-4D18-4E23-AECD-470E0375BC74}"
EndProject
Project("{FAE04EC0-301F-11D3-BF4B-00C04F79EFBC}") = "Tyuiu.GoryaevTT.Sprint2.Task1.V1.Lib", "Tyuiu.GoryaevTT.Sprint2.Task1.V1.Lib\Tyuiu.GoryaevTT.Sprint2.Task1.V1.Lib.csproj", "{36CC8CB4-C874-42F1-AF73-7A7DC2772992}"
EndProject
Project("{FAE04EC0-301F-11D3-BF4B-00C04F79EFBC}") = "Tyuiu.GoryaevTT.Sprint2.Task1.V1.Test", "Tyuiu.GoryaevTT.Sprint2.Task1.V1.Test\Tyuiu.GoryaevTT.Sprint2.Task1.V1.Test.csproj", "{98936C33-D5C3-4285-BB56-2BF98FC8EB96}"
EndProject
Project("{2150E333-8FDC-42A3-9474-1A3956D46DE8}") = "Task2", "Task2", "{0EA65125-6381-47E1-B412-AB5C12C7E643}"
EndProject
Project("{FAE04EC0-301F-11D3-BF4B-00C04F79EFBC}") = "Tyuiu.GoryaevTT.Sprint2.Task2.V9", "Tyuiu.GoryaevTT.Sprint2.Task2.V9\Tyuiu.GoryaevTT.Sprint2.Task2.V9.csproj", "{3CCD99F8-3010-42DE-8111-1BA7580EADF2}"
EndProject
Project("{FAE04EC0-301F-11D3-BF4B-00C04F79EFBC}") = "Tyuiu.GoryaevTT.Sprint2.Task2.V9.Lib", "Tyuiu.GoryaevTT.Sprint2.Task2.V9.Lib\Tyuiu.GoryaevTT.Sprint2.Task2.V9.Lib.csproj", "{1988B51C-0B79-4E70-8521-1284DC94E21D}"
EndProject
Project("{FAE04EC0-301F-11D3-BF4B-00C04F79EFBC}") = "Tyuiu.GoryaevTT.Sprint2.Task2.V9.Test", "Tyuiu.GoryaevTT.Sprint2.Task2.V9.Test\Tyuiu.GoryaevTT.Sprint2.Task2.V9.Test.csproj", "{3CE952F8-1F1A-4D36-AD62-547C004E6544}"
EndProject
Project("{2150E333-8FDC-42A3-9474-1A3956D46DE8}") = "Task3", "Task3", "{C7699BBE-E58C-496F-BD54-AEB4D4080F1C}"
EndProject
Project("{FAE04EC0-301F-11D3-BF4B-00C04F79EFBC}") = "Tyuiu.GoryaevTT.Sprint2.Task3.V3", "Tyuiu.GoryaevTT.Sprint2.Task3.V3\Tyuiu.GoryaevTT.Sprint2.Task3.V3.csproj", "{6F6C3377-2E15-43E9-99E0-AAF8730A91C8}"
EndProject
Project("{FAE04EC0-301F-11D3-BF4B-00C04F79EFBC}") = "Tyuiu.GoryaevTT.Sprint2.Task3.V3.Lib", "Tyuiu.GoryaevTT.Sprint2.Task3.V3.Lib\Tyuiu.GoryaevTT.Sprint2.Task3.V3.Lib.csproj", "{3666126B-962D-4E08-B2AB-1A9A2FDBAF4F}"
EndProject
Project("{FAE04EC0-301F-11D3-BF4B-00C04F79EFBC}") = "Tyuiu.GoryaevTT.Sprint2.Task3.V3.Test", "Tyuiu.GoryaevTT.Sprint2.Task3.V3.Test\Tyuiu.GoryaevTT.Sprint2.Task3.V3.Test.csproj", "{A192D30D-C401-4BC9-89F8-37870E7B7F24}"
EndProject
Project("{2150E333-8FDC-42A3-9474-1A3956D46DE8}") = "Task4", "Task4", "{0B48C53E-72E0-4151-B43D-D48EA0F83330}"
EndProject
Project("{FAE04EC0-301F-11D3-BF4B-00C04F79EFBC}") = "Tyuiu.GoryaevTT.Sprint2.Task4.V14", "Tyuiu.GoryaevTT.Sprint2.Task4.V14\Tyuiu.GoryaevTT.Sprint2.Task4.V14.csproj", "{7F1C3BAF-B9BD-4463-A14A-869CA5F56055}"
EndProject
Project("{FAE04EC0-301F-11D3-BF4B-00C04F79EFBC}") = "Tyuiu.GoryaevTT.Sprint2.Task4.V14.Lib", "Tyuiu.GoryaevTT.Sprint2.Task4.V14.Lib\Tyuiu.GoryaevTT.Sprint2.Task4.V14.Lib.csproj", "{A601F2B4-3BB3-4481-BD5F-00D5034B83CB}"
EndProject
Project("{FAE04EC0-301F-11D3-BF4B-00C04F79EFBC}") = "Tyuiu.GoryaevTT.Sprint2.Task4.V14.Test", "Tyuiu.GoryaevTT.Sprint2.Task4.V14.Test\Tyuiu.GoryaevTT.Sprint2.Task4.V14.Test.csproj", "{55846721-D6DD-44A5-B404-A29107919A24}"
EndProject
Project("{2150E333-8FDC-42A3-9474-1A3956D46DE8}") = "Task5", "Task5", "{A660AC64-E1AD-48F2-ADE1-9EF2913BBF64}"
EndProject
Project("{FAE04EC0-301F-11D3-BF4B-00C04F79EFBC}") = "Tyuiu.GoryaevTT.Sprint2.Task5.V12", "Tyuiu.GoryaevTT.Sprint2.Task5.V12\Tyuiu.GoryaevTT.Sprint2.Task5.V12.csproj", "{2DA19489-5915-4522-B925-FC6CC7E2AA1E}"
EndProject
Project("{FAE04EC0-301F-11D3-BF4B-00C04F79EFBC}") = "Tyuiu.GoryaevTT.Sprint2.Task5.V12.Test", "Tyuiu.GoryaevTT.Sprint2.Task5.V12.Test\Tyuiu.GoryaevTT.Sprint2.Task5.V12.Test.csproj", "{946A4CD1-CF35-494B-9C92-EBE63B227BDE}"
EndProject
Project("{FAE04EC0-301F-11D3-BF4B-00C04F79EFBC}") = "Tyuiu.GoryaevTT.Sprint2.Task5.V12.Lib", "Tyuiu.GoryaevTT.Sprint2.Task5.V12.Lib\Tyuiu.GoryaevTT.Sprint2.Task5.V12.Lib.csproj", "{5541B0C3-3261-4C71-92FD-D7C73E02E622}"
EndProject
Project("{2150E333-8FDC-42A3-9474-1A3956D46DE8}") = "Task6", "Task6", "{FDF5D8D0-680F-4AA8-9734-961B71D4D2DB}"
EndProject
Project("{FAE04EC0-301F-11D3-BF4B-00C04F79EFBC}") = "Tyuiu.GoryaevTT.Sprint2.Task6.V10", "Tyuiu.GoryaevTT.Sprint2.Task6.V10\Tyuiu.GoryaevTT.Sprint2.Task6.V10.csproj", "{CA43CC50-3774-4F28-855C-B8220BBEFC72}"
EndProject
Project("{FAE04EC0-301F-11D3-BF4B-00C04F79EFBC}") = "Tyuiu.GoryaevTT.Sprint2.Task6.V10.Lib", "Tyuiu.GoryaevTT.Sprint2.Task6.V10.Lib\Tyuiu.GoryaevTT.Sprint2.Task6.V10.Lib.csproj", "{D51DB0EB-2D04-4A4A-9E11-57911E51ACEB}"
EndProject
Project("{FAE04EC0-301F-11D3-BF4B-00C04F79EFBC}") = "Tyuiu.GoryaevTT.Sprint2.Task6.V10.Test", "Tyuiu.GoryaevTT.Sprint2.Task6.V10.Test\Tyuiu.GoryaevTT.Sprint2.Task6.V10.Test.csproj", "{D07A8EBD-9D4C-49B1-BB2D-059A4096E99D}"
EndProject
Global
	GlobalSection(SolutionConfigurationPlatforms) = preSolution
		Debug|Any CPU = Debug|Any CPU
		Release|Any CPU = Release|Any CPU
	EndGlobalSection
	GlobalSection(ProjectConfigurationPlatforms) = postSolution
		{A75D0D8A-1260-4538-9240-AF857DFE435D}.Debug|Any CPU.ActiveCfg = Debug|Any CPU
		{A75D0D8A-1260-4538-9240-AF857DFE435D}.Debug|Any CPU.Build.0 = Debug|Any CPU
		{A75D0D8A-1260-4538-9240-AF857DFE435D}.Release|Any CPU.ActiveCfg = Release|Any CPU
		{A75D0D8A-1260-4538-9240-AF857DFE435D}.Release|Any CPU.Build.0 = Release|Any CPU
		{CB75CA81-8763-4543-9A3F-767CDC602EC8}.Debug|Any CPU.ActiveCfg = Debug|Any CPU
		{CB75CA81-8763-4543-9A3F-767CDC602EC8}.Debug|Any CPU.Build.0 = Debug|Any CPU
		{CB75CA81-8763-4543-9A3F-767CDC602EC8}.Release|Any CPU.ActiveCfg = Release|Any CPU
		{CB75CA81-8763-4543-9A3F-767CDC602EC8}.Release|Any CPU.Build.0 = Release|Any CPU
		{3B7F0A56-B357-4265-ADA9-05FE12D38B5A}.Debug|Any CPU.ActiveCfg = Debug|Any CPU
		{3B7F0A56-B357-4265-ADA9-05FE12D38B5A}.Debug|Any CPU.Build.0 = Debug|Any CPU
		{3B7F0A56-B357-4265-ADA9-05FE12D38B5A}.Release|Any CPU.ActiveCfg = Release|Any CPU
		{3B7F0A56-B357-4265-ADA9-05FE12D38B5A}.Release|Any CPU.Build.0 = Release|Any CPU
		{5B3E177D-4D18-4E23-AECD-470E0375BC74}.Debug|Any CPU.ActiveCfg = Debug|Any CPU
		{5B3E177D-4D18-4E23-AECD-470E0375BC74}.Debug|Any CPU.Build.0 = Debug|Any CPU
		{5B3E177D-4D18-4E23-AECD-470E0375BC74}.Release|Any CPU.ActiveCfg = Release|Any CPU
		{5B3E177D-4D18-4E23-AECD-470E0375BC74}.Release|Any CPU.Build.0 = Release|Any CPU
		{36CC8CB4-C874-42F1-AF73-7A7DC2772992}.Debug|Any CPU.ActiveCfg = Debug|Any CPU
		{36CC8CB4-C874-42F1-AF73-7A7DC2772992}.Debug|Any CPU.Build.0 = Debug|Any CPU
		{36CC8CB4-C874-42F1-AF73-7A7DC2772992}.Release|Any CPU.ActiveCfg = Release|Any CPU
		{36CC8CB4-C874-42F1-AF73-7A7DC2772992}.Release|Any CPU.Build.0 = Release|Any CPU
		{98936C33-D5C3-4285-BB56-2BF98FC8EB96}.Debug|Any CPU.ActiveCfg = Debug|Any CPU
		{98936C33-D5C3-4285-BB56-2BF98FC8EB96}.Debug|Any CPU.Build.0 = Debug|Any CPU
		{98936C33-D5C3-4285-BB56-2BF98FC8EB96}.Release|Any CPU.ActiveCfg = Release|Any CPU
		{98936C33-D5C3-4285-BB56-2BF98FC8EB96}.Release|Any CPU.Build.0 = Release|Any CPU
		{3CCD99F8-3010-42DE-8111-1BA7580EADF2}.Debug|Any CPU.ActiveCfg = Debug|Any CPU
		{3CCD99F8-3010-42DE-8111-1BA7580EADF2}.Debug|Any CPU.Build.0 = Debug|Any CPU
		{3CCD99F8-3010-42DE-8111-1BA7580EADF2}.Release|Any CPU.ActiveCfg = Release|Any CPU
		{3CCD99F8-3010-42DE-8111-1BA7580EADF2}.Release|Any CPU.Build.0 = Release|Any CPU
		{1988B51C-0B79-4E70-8521-1284DC94E21D}.Debug|Any CPU.ActiveCfg = Debug|Any CPU
		{1988B51C-0B79-4E70-8521-1284DC94E21D}.Debug|Any CPU.Build.0 = Debug|Any CPU
		{1988B51C-0B79-4E70-8521-1284DC94E21D}.Release|Any CPU.ActiveCfg = Release|Any CPU
		{1988B51C-0B79-4E70-8521-1284DC94E21D}.Release|Any CPU.Build.0 = Release|Any CPU
		{3CE952F8-1F1A-4D36-AD62-547C004E6544}.Debug|Any CPU.ActiveCfg = Debug|Any CPU
		{3CE952F8-1F1A-4D36-AD62-547C004E6544}.Debug|Any CPU.Build.0 = Debug|Any CPU
		{3CE952F8-1F1A-4D36-AD62-547C004E6544}.Release|Any CPU.ActiveCfg = Release|Any CPU
		{3CE952F8-1F1A-4D36-AD62-547C004E6544}.Release|Any CPU.Build.0 = Release|Any CPU
		{6F6C3377-2E15-43E9-99E0-AAF8730A91C8}.Debug|Any CPU.ActiveCfg = Debug|Any CPU
		{6F6C3377-2E15-43E9-99E0-AAF8730A91C8}.Debug|Any CPU.Build.0 = Debug|Any CPU
		{6F6C3377-2E15-43E9-99E0-AAF8730A91C8}.Release|Any CPU.ActiveCfg = Release|Any CPU
		{6F6C3377-2E15-43E9-99E0-AAF8730A91C8}.Release|Any CPU.Build.0 = Release|Any CPU
		{3666126B-962D-4E08-B2AB-1A9A2FDBAF4F}.Debug|Any CPU.ActiveCfg = Debug|Any CPU
		{3666126B-962D-4E08-B2AB-1A9A2FDBAF4F}.Debug|Any CPU.Build.0 = Debug|Any CPU
		{3666126B-962D-4E08-B2AB-1A9A2FDBAF4F}.Release|Any CPU.ActiveCfg = Release|Any CPU
		{3666126B-962D-4E08-B2AB-1A9A2FDBAF4F}.Release|Any CPU.Build.0 = Release|Any CPU
		{A192D30D-C401-4BC9-89F8-37870E7B7F24}.Debug|Any CPU.ActiveCfg = Debug|Any CPU
		{A192D30D-C401-4BC9-89F8-37870E7B7F24}.Debug|Any CPU.Build.0 = Debug|Any CPU
		{A192D30D-C401-4BC9-89F8-37870E7B7F24}.Release|Any CPU.ActiveCfg = Release|Any CPU
		{A192D30D-C401-4BC9-89F8-37870E7B7F24}.Release|Any CPU.Build.0 = Release|Any CPU
		{7F1C3BAF-B9BD-4463-A14A-869CA5F56055}.Debug|Any CPU.ActiveCfg = Debug|Any CPU
		{7F1C3BAF-B9BD-4463-A14A-869CA5F56055}.Debug|Any CPU.Build.0 = Debug|Any CPU
		{7F1C3BAF-B9BD-4463-A14A-869CA5F56055}.Release|Any CPU.ActiveCfg = Release|Any CPU
		{7F1C3BAF-B9BD-4463-A14A-869CA5F56055}.Release|Any CPU.Build.0 = Release|Any CPU
		{A601F2B4-3BB3-4481-BD5F-00D5034B83CB}.Debug|Any CPU.ActiveCfg = Debug|Any CPU
		{A601F2B4-3BB3-4481-BD5F-00D5034B83CB}.Debug|Any CPU.Build.0 = Debug|Any CPU
		{A601F2B4-3BB3-4481-BD5F-00D5034B83CB}.Release|Any CPU.ActiveCfg = Release|Any CPU
		{A601F2B4-3BB3-4481-BD5F-00D5034B83CB}.Release|Any CPU.Build.0 = Release|Any CPU
		{55846721-D6DD-44A5-B404-A29107919A24}.Debug|Any CPU.ActiveCfg = Debug|Any CPU
		{55846721-D6DD-44A5-B404-A29107919A24}.Debug|Any CPU.Build.0 = Debug|Any CPU
		{55846721-D6DD-44A5-B404-A29107919A24}.Release|Any CPU.ActiveCfg = Release|Any CPU
		{55846721-D6DD-44A5-B404-A29107919A24}.Release|Any CPU.Build.0 = Release|Any CPU
		{2DA19489-5915-4522-B925-FC6CC7E2AA1E}.Debug|Any CPU.ActiveCfg = Debug|Any CPU
		{2DA19489-5915-4522-B925-FC6CC7E2AA1E}.Debug|Any CPU.Build.0 = Debug|Any CPU
		{2DA19489-5915-4522-B925-FC6CC7E2AA1E}.Release|Any CPU.ActiveCfg = Release|Any CPU
		{2DA19489-5915-4522-B925-FC6CC7E2AA1E}.Release|Any CPU.Build.0 = Release|Any CPU
		{946A4CD1-CF35-494B-9C92-EBE63B227BDE}.Debug|Any CPU.ActiveCfg = Debug|Any CPU
		{946A4CD1-CF35-494B-9C92-EBE63B227BDE}.Debug|Any CPU.Build.0 = Debug|Any CPU
		{946A4CD1-CF35-494B-9C92-EBE63B227BDE}.Release|Any CPU.ActiveCfg = Release|Any CPU
		{946A4CD1-CF35-494B-9C92-EBE63B227BDE}.Release|Any CPU.Build.0 = Release|Any CPU
		{5541B0C3-3261-4C71-92FD-D7C73E02E622}.Debug|Any CPU.ActiveCfg = Debug|Any CPU
		{5541B0C3-3261-4C71-92FD-D7C73E02E622}.Debug|Any CPU.Build.0 = Debug|Any CPU
		{5541B0C3-3261-4C71-92FD-D7C73E02E622}.Release|Any CPU.ActiveCfg = Release|Any CPU
		{5541B0C3-3261-4C71-92FD-D7C73E02E622}.Release|Any CPU.Build.0 = Release|Any CPU
		{CA43CC50-3774-4F28-855C-B8220BBEFC72}.Debug|Any CPU.ActiveCfg = Debug|Any CPU
		{CA43CC50-3774-4F28-855C-B8220BBEFC72}.Debug|Any CPU.Build.0 = Debug|Any CPU
		{CA43CC50-3774-4F28-855C-B8220BBEFC72}.Release|Any CPU.ActiveCfg = Release|Any CPU
		{CA43CC50-3774-4F28-855C-B8220BBEFC72}.Release|Any CPU.Build.0 = Release|Any CPU
		{D51DB0EB-2D04-4A4A-9E11-57911E51ACEB}.Debug|Any CPU.ActiveCfg = Debug|Any CPU
		{D51DB0EB-2D04-4A4A-9E11-57911E51ACEB}.Debug|Any CPU.Build.0 = Debug|Any CPU
		{D51DB0EB-2D04-4A4A-9E11-57911E51ACEB}.Release|Any CPU.ActiveCfg = Release|Any CPU
		{D51DB0EB-2D04-4A4A-9E11-57911E51ACEB}.Release|Any CPU.Build.0 = Release|Any CPU
		{D07A8EBD-9D4C-49B1-BB2D-059A4096E99D}.Debug|Any CPU.ActiveCfg = Debug|Any CPU
		{D07A8EBD-9D4C-49B1-BB2D-059A4096E99D}.Debug|Any CPU.Build.0 = Debug|Any CPU
		{D07A8EBD-9D4C-49B1-BB2D-059A4096E99D}.Release|Any CPU.ActiveCfg = Release|Any CPU
		{D07A8EBD-9D4C-49B1-BB2D-059A4096E99D}.Release|Any CPU.Build.0 = Release|Any CPU
	EndGlobalSection
	GlobalSection(SolutionProperties) = preSolution
		HideSolutionNode = FALSE
	EndGlobalSection
	GlobalSection(NestedProjects) = preSolution
		{A75D0D8A-1260-4538-9240-AF857DFE435D} = {02EA681E-C7D8-13C7-8484-4AC65E1B71E8}
		{CB75CA81-8763-4543-9A3F-767CDC602EC8} = {02EA681E-C7D8-13C7-8484-4AC65E1B71E8}
		{3B7F0A56-B357-4265-ADA9-05FE12D38B5A} = {02EA681E-C7D8-13C7-8484-4AC65E1B71E8}
		{5B3E177D-4D18-4E23-AECD-470E0375BC74} = {4C264B23-6896-419F-A373-78BF298F2B1A}
		{36CC8CB4-C874-42F1-AF73-7A7DC2772992} = {4C264B23-6896-419F-A373-78BF298F2B1A}
		{98936C33-D5C3-4285-BB56-2BF98FC8EB96} = {4C264B23-6896-419F-A373-78BF298F2B1A}
		{3CCD99F8-3010-42DE-8111-1BA7580EADF2} = {0EA65125-6381-47E1-B412-AB5C12C7E643}
		{1988B51C-0B79-4E70-8521-1284DC94E21D} = {0EA65125-6381-47E1-B412-AB5C12C7E643}
		{3CE952F8-1F1A-4D36-AD62-547C004E6544} = {0EA65125-6381-47E1-B412-AB5C12C7E643}
		{6F6C3377-2E15-43E9-99E0-AAF8730A91C8} = {C7699BBE-E58C-496F-BD54-AEB4D4080F1C}
		{3666126B-962D-4E08-B2AB-1A9A2FDBAF4F} = {C7699BBE-E58C-496F-BD54-AEB4D4080F1C}
		{A192D30D-C401-4BC9-89F8-37870E7B7F24} = {C7699BBE-E58C-496F-BD54-AEB4D4080F1C}
		{7F1C3BAF-B9BD-4463-A14A-869CA5F56055} = {0B48C53E-72E0-4151-B43D-D48EA0F83330}
		{A601F2B4-3BB3-4481-BD5F-00D5034B83CB} = {0B48C53E-72E0-4151-B43D-D48EA0F83330}
		{55846721-D6DD-44A5-B404-A29107919A24} = {0B48C53E-72E0-4151-B43D-D48EA0F83330}
		{2DA19489-5915-4522-B925-FC6CC7E2AA1E} = {A660AC64-E1AD-48F2-ADE1-9EF2913BBF64}
		{946A4CD1-CF35-494B-9C92-EBE63B227BDE} = {A660AC64-E1AD-48F2-ADE1-9EF2913BBF64}
		{5541B0C3-3261-4C71-92FD-D7C73E02E622} = {A660AC64-E1AD-48F2-ADE1-9EF2913BBF64}
		{CA43CC50-3774-4F28-855C-B8220BBEFC72} = {FDF5D8D0-680F-4AA8-9734-961B71D4D2DB}
		{D51DB0EB-2D04-4A4A-9E11-57911E51ACEB} = {FDF5D8D0-680F-4AA8-9734-961B71D4D2DB}
		{D07A8EBD-9D4C-49B1-BB2D-059A4096E99D} = {FDF5D8D0-680F-4AA8-9734-961B71D4D2DB}
	EndGlobalSection
	GlobalSection(ExtensibilityGlobals) = postSolution
		SolutionGuid = {A08F4644-D7CA-4C0B-BB07-E456EE370684}
	EndGlobalSection
EndGlobal
