
Microsoft Visual Studio Solution File, Format Version 12.00
# Visual Studio Version 17
VisualStudioVersion = 17.14.36429.23 d17.14
MinimumVisualStudioVersion = 10.0.40219.1
Project("{2150E333-8FDC-42A3-9474-1A3956D46DE8}") = "Task0", "Task0", "{02EA681E-C7D8-13C7-8484-4AC65E1B71E8}"
EndProject
Project("{FAE04EC0-301F-11D3-BF4B-00C04F79EFBC}") = "Tyuiu.GoryaevTT.Sprint2.Task0.V18", "Tyuiu.GoryaevTT.Sprint2.Task0.V18\Tyuiu.GoryaevTT.Sprint2.Task0.V18.csproj", "{A75D0D8A-1260-4538-9240-AF857DFE435D}"
EndProject
Project("{FAE04EC0-301F-11D3-BF4B-00C04F79EFBC}") = "Tyuiu.GoryaevTT.Sprint2.Task0.V18.Lib", "Tyuiu.GoryaevTT.Sprint2.Task0.V18.Lib\Tyuiu.GoryaevTT.Sprint2.Task0.V18.Lib.csproj", "{CB75CA81-8763-4543-9A3F-767CDC602EC8}"
EndProject
Project("{FAE04EC0-301F-11D3-BF4B-00C04F79EFBC}") = "Tyuiu.GoryaevTT.Sprint2.Task0.V18.Test", "Tyuiu.GoryaevTT.Sprint2.Task0.V18.Test\Tyuiu.GoryaevTT.Sprint2.Task0.V18.Test.csproj", "{3B7F0A56-B357-4265-ADA9-05FE12D38B5A}"
EndProject
Global
	GlobalSection(SolutionConfigurationPlatforms) = preSolution
		Debug|Any CPU = Debug|Any CPU
		Release|Any CPU = Release|Any CPU
	EndGlobalSection
	GlobalSection(ProjectConfigurationPlatforms) = postSolution
		{A75D0D8A-1260-4538-9240-AF857DFE435D}.Debug|Any CPU.ActiveCfg = Debug|Any CPU
		{A75D0D8A-1260-4538-9240-AF857DFE435D}.Debug|Any CPU.Build.0 = Debug|Any CPU
		{A75D0D8A-1260-4538-9240-AF857DFE435D}.Release|Any CPU.ActiveCfg = Release|Any CPU
		{A75D0D8A-1260-4538-9240-AF857DFE435D}.Release|Any CPU.Build.0 = Release|Any CPU
		{CB75CA81-8763-4543-9A3F-767CDC602EC8}.Debug|Any CPU.ActiveCfg = Debug|Any CPU
		{CB75CA81-8763-4543-9A3F-767CDC602EC8}.Debug|Any CPU.Build.0 = Debug|Any CPU
		{CB75CA81-8763-4543-9A3F-767CDC602EC8}.Release|Any CPU.ActiveCfg = Release|Any CPU
		{CB75CA81-8763-4543-9A3F-767CDC602EC8}.Release|Any CPU.Build.0 = Release|Any CPU
		{3B7F0A56-B357-4265-ADA9-05FE12D38B5A}.Debug|Any CPU.ActiveCfg = Debug|Any CPU
		{3B7F0A56-B357-4265-ADA9-05FE12D38B5A}.Debug|Any CPU.Build.0 = Debug|Any CPU
		{3B7F0A56-B357-4265-ADA9-05FE12D38B5A}.Release|Any CPU.ActiveCfg = Release|Any CPU
		{3B7F0A56-B357-4265-ADA9-05FE12D38B5A}.Release|Any CPU.Build.0 = Release|Any CPU
	EndGlobalSection
	GlobalSection(SolutionProperties) = preSolution
		HideSolutionNode = FALSE
	EndGlobalSection
	GlobalSection(NestedProjects) = preSolution
		{A75D0D8A-1260-4538-9240-AF857DFE435D} = {02EA681E-C7D8-13C7-8484-4AC65E1B71E8}
		{CB75CA81-8763-4543-9A3F-767CDC602EC8} = {02EA681E-C7D8-13C7-8484-4AC65E1B71E8}
		{3B7F0A56-B357-4265-ADA9-05FE12D38B5A} = {02EA681E-C7D8-13C7-8484-4AC65E1B71E8}
	EndGlobalSection
	GlobalSection(ExtensibilityGlobals) = postSolution
		SolutionGuid = {A08F4644-D7CA-4C0B-BB07-E456EE370684}
	EndGlobalSection
EndGlobal
